Microsoft Visual Studio Solution File, Format Version 11.00
# Visual Studio 2008

Project("{D69FB94A-4565-07A2-CDA3-8EFA9074B2C6}") = "Schatzsuche", "Assembly-CSharp-firstpass.csproj", "{15DEDCEC-DF5F-468D-5AE3-7480D9B67AAA}"
EndProject
Project("{D69FB94A-4565-07A2-CDA3-8EFA9074B2C6}") = "Schatzsuche", "Assembly-CSharp.csproj", "{13A27F58-D5F1-032C-177F-9BE58FB0A43C}"
EndProject
Project("{D69FB94A-4565-07A2-CDA3-8EFA9074B2C6}") = "Schatzsuche", "Assembly-CSharp-Editor.csproj", "{7A8FC21C-E145-D262-2AEF-2384270E62C1}"
EndProject
Project("{D69FB94A-4565-07A2-CDA3-8EFA9074B2C6}") = "Schatzsuche", "Assembly-UnityScript-firstpass.unityproj", "{78EF416A-04B1-0584-1C66-F0F15C7156C4}"
EndProject
Project("{D69FB94A-4565-07A2-CDA3-8EFA9074B2C6}") = "Schatzsuche", "Assembly-UnityScript.unityproj", "{7E1BC775-43D7-7E82-7E77-E82E65E938DA}"
EndProject
Global
	GlobalSection(SolutionConfigurationPlatforms) = preSolution
		Debug|Any CPU = Debug|Any CPU
		Release|Any CPU = Release|Any CPU
	EndGlobalSection
	GlobalSection(ProjectConfigurationPlatforms) = postSolution
		{15DEDCEC-DF5F-468D-5AE3-7480D9B67AAA}.Debug|Any CPU.ActiveCfg = Debug|Any CPU
		{15DEDCEC-DF5F-468D-5AE3-7480D9B67AAA}.Debug|Any CPU.Build.0 = Debug|Any CPU
		{15DEDCEC-DF5F-468D-5AE3-7480D9B67AAA}.Release|Any CPU.ActiveCfg = Release|Any CPU
		{15DEDCEC-DF5F-468D-5AE3-7480D9B67AAA}.Release|Any CPU.Build.0 = Release|Any CPU
		{13A27F58-D5F1-032C-177F-9BE58FB0A43C}.Debug|Any CPU.ActiveCfg = Debug|Any CPU
		{13A27F58-D5F1-032C-177F-9BE58FB0A43C}.Debug|Any CPU.Build.0 = Debug|Any CPU
		{13A27F58-D5F1-032C-177F-9BE58FB0A43C}.Release|Any CPU.ActiveCfg = Release|Any CPU
		{13A27F58-D5F1-032C-177F-9BE58FB0A43C}.Release|Any CPU.Build.0 = Release|Any CPU
		{7A8FC21C-E145-D262-2AEF-2384270E62C1}.Debug|Any CPU.ActiveCfg = Debug|Any CPU
		{7A8FC21C-E145-D262-2AEF-2384270E62C1}.Debug|Any CPU.Build.0 = Debug|Any CPU
		{7A8FC21C-E145-D262-2AEF-2384270E62C1}.Release|Any CPU.ActiveCfg = Release|Any CPU
		{7A8FC21C-E145-D262-2AEF-2384270E62C1}.Release|Any CPU.Build.0 = Release|Any CPU
		{78EF416A-04B1-0584-1C66-F0F15C7156C4}.Debug|Any CPU.ActiveCfg = Debug|Any CPU
		{78EF416A-04B1-0584-1C66-F0F15C7156C4}.Debug|Any CPU.Build.0 = Debug|Any CPU
		{78EF416A-04B1-0584-1C66-F0F15C7156C4}.Release|Any CPU.ActiveCfg = Release|Any CPU
		{78EF416A-04B1-0584-1C66-F0F15C7156C4}.Release|Any CPU.Build.0 = Release|Any CPU
		{7E1BC775-43D7-7E82-7E77-E82E65E938DA}.Debug|Any CPU.ActiveCfg = Debug|Any CPU
		{7E1BC775-43D7-7E82-7E77-E82E65E938DA}.Debug|Any CPU.Build.0 = Debug|Any CPU
		{7E1BC775-43D7-7E82-7E77-E82E65E938DA}.Release|Any CPU.ActiveCfg = Release|Any CPU
		{7E1BC775-43D7-7E82-7E77-E82E65E938DA}.Release|Any CPU.Build.0 = Release|Any CPU
	EndGlobalSection
	GlobalSection(SolutionProperties) = preSolution
		HideSolutionNode = FALSE
	EndGlobalSection
																							GlobalSection(MonoDevelopProperties) = preSolution
		StartupItem = Assembly-CSharp.csproj
		Policies = $0
		$0.TextStylePolicy = $1
		$1.inheritsSet = null
		$1.scope = text/x-csharp
		$0.CSharpFormattingPolicy = $2
		$2.inheritsSet = Mono
		$2.inheritsScope = text/x-csharp
		$2.scope = text/x-csharp
		$0.TextStylePolicy = $3
		$3.FileWidth = 120
		$3.TabWidth = 4
		$3.EolMarker = Unix
		$3.inheritsSet = Mono
		$3.inheritsScope = text/plain
		$3.scope = text/plain
	EndGlobalSection

EndGlobal
